// !$*UTF8*$!
{
	archiveVersion = 1;
	classes = {
	};
	objectVersion = 46;
	objects = {

/* Begin PBXBuildFile section */
		6803D8651CFD6DB500AE3CB3 /* AppDelegate.swift in Sources */ = {isa = PBXBuildFile; fileRef = 6803D8641CFD6DB500AE3CB3 /* AppDelegate.swift */; };
		6803D8671CFD6DB500AE3CB3 /* CalendarVC.swift in Sources */ = {isa = PBXBuildFile; fileRef = 6803D8661CFD6DB500AE3CB3 /* CalendarVC.swift */; };
		6803D86A1CFD6DB500AE3CB3 /* Main.storyboard in Resources */ = {isa = PBXBuildFile; fileRef = 6803D8681CFD6DB500AE3CB3 /* Main.storyboard */; };
		6803D86C1CFD6DB500AE3CB3 /* Assets.xcassets in Resources */ = {isa = PBXBuildFile; fileRef = 6803D86B1CFD6DB500AE3CB3 /* Assets.xcassets */; };
		6803D86F1CFD6DB500AE3CB3 /* LaunchScreen.storyboard in Resources */ = {isa = PBXBuildFile; fileRef = 6803D86D1CFD6DB500AE3CB3 /* LaunchScreen.storyboard */; };
		6817EFB11CFD6EA000B37287 /* CellView.xib in Resources */ = {isa = PBXBuildFile; fileRef = 6817EFB01CFD6EA000B37287 /* CellView.xib */; };
		6817EFB31CFD6F2D00B37287 /* Cellview.swift in Sources */ = {isa = PBXBuildFile; fileRef = 6817EFB21CFD6F2D00B37287 /* Cellview.swift */; };
		686224321CFD7A3E0092E9C5 /* UserData.swift in Sources */ = {isa = PBXBuildFile; fileRef = 686224311CFD7A3E0092E9C5 /* UserData.swift */; };
		F4762706668FD7B001796C20 /* Pods_calendarDemo.framework in Frameworks */ = {isa = PBXBuildFile; fileRef = 3B4F330D7AB00FF96A48C8C3 /* Pods_calendarDemo.framework */; };
/* End PBXBuildFile section */

/* Begin PBXFileReference section */
		3B4F330D7AB00FF96A48C8C3 /* Pods_calendarDemo.framework */ = {isa = PBXFileReference; explicitFileType = wrapper.framework; includeInIndex = 0; path = Pods_calendarDemo.framework; sourceTree = BUILT_PRODUCTS_DIR; };
		6803D8611CFD6DB500AE3CB3 /* calendarDemo.app */ = {isa = PBXFileReference; explicitFileType = wrapper.application; includeInIndex = 0; path = calendarDemo.app; sourceTree = BUILT_PRODUCTS_DIR; };
		6803D8641CFD6DB500AE3CB3 /* AppDelegate.swift */ = {isa = PBXFileReference; lastKnownFileType = sourcecode.swift; path = AppDelegate.swift; sourceTree = "<group>"; };
		6803D8661CFD6DB500AE3CB3 /* CalendarVC.swift */ = {isa = PBXFileReference; lastKnownFileType = sourcecode.swift; path = CalendarVC.swift; sourceTree = "<group>"; };
		6803D8691CFD6DB500AE3CB3 /* Base */ = {isa = PBXFileReference; lastKnownFileType = file.storyboard; name = Base; path = Base.lproj/Main.storyboard; sourceTree = "<group>"; };
		6803D86B1CFD6DB500AE3CB3 /* Assets.xcassets */ = {isa = PBXFileReference; lastKnownFileType = folder.assetcatalog; path = Assets.xcassets; sourceTree = "<group>"; };
		6803D86E1CFD6DB500AE3CB3 /* Base */ = {isa = PBXFileReference; lastKnownFileType = file.storyboard; name = Base; path = Base.lproj/LaunchScreen.storyboard; sourceTree = "<group>"; };
		6803D8701CFD6DB500AE3CB3 /* Info.plist */ = {isa = PBXFileReference; lastKnownFileType = text.plist.xml; path = Info.plist; sourceTree = "<group>"; };
		6817EFB01CFD6EA000B37287 /* CellView.xib */ = {isa = PBXFileReference; fileEncoding = 4; lastKnownFileType = file.xib; path = CellView.xib; sourceTree = "<group>"; };
		6817EFB21CFD6F2D00B37287 /* Cellview.swift */ = {isa = PBXFileReference; fileEncoding = 4; lastKnownFileType = sourcecode.swift; path = Cellview.swift; sourceTree = "<group>"; };
		686224311CFD7A3E0092E9C5 /* UserData.swift */ = {isa = PBXFileReference; fileEncoding = 4; lastKnownFileType = sourcecode.swift; path = UserData.swift; sourceTree = "<group>"; };
		8738E94A54E807B817F82979 /* Pods-calendarDemo.debug.xcconfig */ = {isa = PBXFileReference; includeInIndex = 1; lastKnownFileType = text.xcconfig; name = "Pods-calendarDemo.debug.xcconfig"; path = "Pods/Target Support Files/Pods-calendarDemo/Pods-calendarDemo.debug.xcconfig"; sourceTree = "<group>"; };
		B902F489DBE471786892B334 /* Pods-calendarDemo.release.xcconfig */ = {isa = PBXFileReference; includeInIndex = 1; lastKnownFileType = text.xcconfig; name = "Pods-calendarDemo.release.xcconfig"; path = "Pods/Target Support Files/Pods-calendarDemo/Pods-calendarDemo.release.xcconfig"; sourceTree = "<group>"; };
/* End PBXFileReference section */

/* Begin PBXFrameworksBuildPhase section */
		6803D85E1CFD6DB500AE3CB3 /* Frameworks */ = {
			isa = PBXFrameworksBuildPhase;
			buildActionMask = 2147483647;
			files = (
				F4762706668FD7B001796C20 /* Pods_calendarDemo.framework in Frameworks */,
			);
			runOnlyForDeploymentPostprocessing = 0;
		};
/* End PBXFrameworksBuildPhase section */

/* Begin PBXGroup section */
		4A826E7C77A9F96E515D8620 /* Pods */ = {
			isa = PBXGroup;
			children = (
				8738E94A54E807B817F82979 /* Pods-calendarDemo.debug.xcconfig */,
				B902F489DBE471786892B334 /* Pods-calendarDemo.release.xcconfig */,
			);
			name = Pods;
			sourceTree = "<group>";
		};
		6803D8581CFD6DB500AE3CB3 = {
			isa = PBXGroup;
			children = (
				6803D8631CFD6DB500AE3CB3 /* calendarDemo */,
				6803D8621CFD6DB500AE3CB3 /* Products */,
				4A826E7C77A9F96E515D8620 /* Pods */,
				EEFC12974CEAA836D1C35356 /* Frameworks */,
			);
			sourceTree = "<group>";
		};
		6803D8621CFD6DB500AE3CB3 /* Products */ = {
			isa = PBXGroup;
			children = (
				6803D8611CFD6DB500AE3CB3 /* calendarDemo.app */,
			);
			name = Products;
			sourceTree = "<group>";
		};
		6803D8631CFD6DB500AE3CB3 /* calendarDemo */ = {
			isa = PBXGroup;
			children = (
				686224301CFD7A2E0092E9C5 /* Model */,
				6817EFAF1CFD6E8A00B37287 /* Calendar */,
				6803D8641CFD6DB500AE3CB3 /* AppDelegate.swift */,
				6803D8661CFD6DB500AE3CB3 /* CalendarVC.swift */,
				6803D8681CFD6DB500AE3CB3 /* Main.storyboard */,
				6803D86B1CFD6DB500AE3CB3 /* Assets.xcassets */,
				6803D86D1CFD6DB500AE3CB3 /* LaunchScreen.storyboard */,
				6803D8701CFD6DB500AE3CB3 /* Info.plist */,
			);
			path = calendarDemo;
			sourceTree = "<group>";
		};
		6817EFAF1CFD6E8A00B37287 /* Calendar */ = {
			isa = PBXGroup;
			children = (
				6817EFB01CFD6EA000B37287 /* CellView.xib */,
				6817EFB21CFD6F2D00B37287 /* Cellview.swift */,
			);
			name = Calendar;
			sourceTree = "<group>";
		};
		686224301CFD7A2E0092E9C5 /* Model */ = {
			isa = PBXGroup;
			children = (
				686224311CFD7A3E0092E9C5 /* UserData.swift */,
			);
			name = Model;
			sourceTree = "<group>";
		};
		EEFC12974CEAA836D1C35356 /* Frameworks */ = {
			isa = PBXGroup;
			children = (
				3B4F330D7AB00FF96A48C8C3 /* Pods_calendarDemo.framework */,
			);
			name = Frameworks;
			sourceTree = "<group>";
		};
/* End PBXGroup section */

/* Begin PBXNativeTarget section */
		6803D8601CFD6DB500AE3CB3 /* calendarDemo */ = {
			isa = PBXNativeTarget;
			buildConfigurationList = 6803D8731CFD6DB500AE3CB3 /* Build configuration list for PBXNativeTarget "calendarDemo" */;
			buildPhases = (
				F610EC2F1207638ADDE32C78 /* 📦 Check Pods Manifest.lock */,
				6803D85D1CFD6DB500AE3CB3 /* Sources */,
				6803D85E1CFD6DB500AE3CB3 /* Frameworks */,
				6803D85F1CFD6DB500AE3CB3 /* Resources */,
				CC8D27EE62A81B0B9C3059BC /* 📦 Embed Pods Frameworks */,
				8974A709F8D38930BCD96F02 /* 📦 Copy Pods Resources */,
			);
			buildRules = (
			);
			dependencies = (
			);
			name = calendarDemo;
			productName = calendarDemo;
			productReference = 6803D8611CFD6DB500AE3CB3 /* calendarDemo.app */;
			productType = "com.apple.product-type.application";
		};
/* End PBXNativeTarget section */

/* Begin PBXProject section */
		6803D8591CFD6DB500AE3CB3 /* Project object */ = {
			isa = PBXProject;
			attributes = {
				LastSwiftUpdateCheck = 0730;
				LastUpgradeCheck = 0730;
				ORGANIZATIONNAME = antonijapek;
				TargetAttributes = {
					6803D8601CFD6DB500AE3CB3 = {
						CreatedOnToolsVersion = 7.3.1;
					};
				};
			};
			buildConfigurationList = 6803D85C1CFD6DB500AE3CB3 /* Build configuration list for PBXProject "calendarDemo" */;
			compatibilityVersion = "Xcode 3.2";
			developmentRegion = English;
			hasScannedForEncodings = 0;
			knownRegions = (
				en,
				Base,
			);
			mainGroup = 6803D8581CFD6DB500AE3CB3;
			productRefGroup = 6803D8621CFD6DB500AE3CB3 /* Products */;
			projectDirPath = "";
			projectRoot = "";
			targets = (
				6803D8601CFD6DB500AE3CB3 /* calendarDemo */,
			);
		};
/* End PBXProject section */

/* Begin PBXResourcesBuildPhase section */
		6803D85F1CFD6DB500AE3CB3 /* Resources */ = {
			isa = PBXResourcesBuildPhase;
			buildActionMask = 2147483647;
			files = (
				6817EFB11CFD6EA000B37287 /* CellView.xib in Resources */,
				6803D86F1CFD6DB500AE3CB3 /* LaunchScreen.storyboard in Resources */,
				6803D86C1CFD6DB500AE3CB3 /* Assets.xcassets in Resources */,
				6803D86A1CFD6DB500AE3CB3 /* Main.storyboard in Resources */,
			);
			runOnlyForDeploymentPostprocessing = 0;
		};
/* End PBXResourcesBuildPhase section */

/* Begin PBXShellScriptBuildPhase section */
		8974A709F8D38930BCD96F02 /* 📦 Copy Pods Resources */ = {
			isa = PBXShellScriptBuildPhase;
			buildActionMask = 2147483647;
			files = (
			);
			inputPaths = (
			);
			name = "📦 Copy Pods Resources";
			outputPaths = (
			);
			runOnlyForDeploymentPostprocessing = 0;
			shellPath = /bin/sh;
			shellScript = "\"${SRCROOT}/Pods/Target Support Files/Pods-calendarDemo/Pods-calendarDemo-resources.sh\"\n";
			showEnvVarsInLog = 0;
		};
		CC8D27EE62A81B0B9C3059BC /* 📦 Embed Pods Frameworks */ = {
			isa = PBXShellScriptBuildPhase;
			buildActionMask = 2147483647;
			files = (
			);
			inputPaths = (
			);
			name = "📦 Embed Pods Frameworks";
			outputPaths = (
			);
			runOnlyForDeploymentPostprocessing = 0;
			shellPath = /bin/sh;
			shellScript = "\"${SRCROOT}/Pods/Target Support Files/Pods-calendarDemo/Pods-calendarDemo-frameworks.sh\"\n";
			showEnvVarsInLog = 0;
		};
		F610EC2F1207638ADDE32C78 /* 📦 Check Pods Manifest.lock */ = {
			isa = PBXShellScriptBuildPhase;
			buildActionMask = 2147483647;
			files = (
			);
			inputPaths = (
			);
			name = "📦 Check Pods Manifest.lock";
			outputPaths = (
			);
			runOnlyForDeploymentPostprocessing = 0;
			shellPath = /bin/sh;
			shellScript = "diff \"${PODS_ROOT}/../Podfile.lock\" \"${PODS_ROOT}/Manifest.lock\" > /dev/null\nif [[ $? != 0 ]] ; then\n    cat << EOM\nerror: The sandbox is not in sync with the Podfile.lock. Run 'pod install' or update your CocoaPods installation.\nEOM\n    exit 1\nfi\n";
			showEnvVarsInLog = 0;
		};
/* End PBXShellScriptBuildPhase section */

/* Begin PBXSourcesBuildPhase section */
		6803D85D1CFD6DB500AE3CB3 /* Sources */ = {
			isa = PBXSourcesBuildPhase;
			buildActionMask = 2147483647;
			files = (
				6817EFB31CFD6F2D00B37287 /* Cellview.swift in Sources */,
				6803D8671CFD6DB500AE3CB3 /* CalendarVC.swift in Sources */,
				686224321CFD7A3E0092E9C5 /* UserData.swift in Sources */,
				6803D8651CFD6DB500AE3CB3 /* AppDelegate.swift in Sources */,
			);
			runOnlyForDeploymentPostprocessing = 0;
		};
/* End PBXSourcesBuildPhase section */

/* Begin PBXVariantGroup section */
		6803D8681CFD6DB500AE3CB3 /* Main.storyboard */ = {
			isa = PBXVariantGroup;
			children = (
				6803D8691CFD6DB500AE3CB3 /* Base */,
			);
			name = Main.storyboard;
			sourceTree = "<group>";
		};
		6803D86D1CFD6DB500AE3CB3 /* LaunchScreen.storyboard */ = {
			isa = PBXVariantGroup;
			children = (
				6803D86E1CFD6DB500AE3CB3 /* Base */,
			);
			name = LaunchScreen.storyboard;
			sourceTree = "<group>";
		};
/* End PBXVariantGroup section */

/* Begin XCBuildConfiguration section */
		6803D8711CFD6DB500AE3CB3 /* Debug */ = {
			isa = XCBuildConfiguration;
			buildSettings = {
				ALWAYS_SEARCH_USER_PATHS = NO;
				CLANG_ANALYZER_NONNULL = YES;
				CLANG_CXX_LANGUAGE_STANDARD = "gnu++0x";
				CLANG_CXX_LIBRARY = "libc++";
				CLANG_ENABLE_MODULES = YES;
				CLANG_ENABLE_OBJC_ARC = YES;
				CLANG_WARN_BOOL_CONVERSION = YES;
				CLANG_WARN_CONSTANT_CONVERSION = YES;
				CLANG_WARN_DIRECT_OBJC_ISA_USAGE = YES_ERROR;
				CLANG_WARN_EMPTY_BODY = YES;
				CLANG_WARN_ENUM_CONVERSION = YES;
				CLANG_WARN_INT_CONVERSION = YES;
				CLANG_WARN_OBJC_ROOT_CLASS = YES_ERROR;
				CLANG_WARN_UNREACHABLE_CODE = YES;
				CLANG_WARN__DUPLICATE_METHOD_MATCH = YES;
				"CODE_SIGN_IDENTITY[sdk=iphoneos*]" = "iPhone Developer";
				COPY_PHASE_STRIP = NO;
				DEBUG_INFORMATION_FORMAT = dwarf;
				ENABLE_STRICT_OBJC_MSGSEND = YES;
				ENABLE_TESTABILITY = YES;
				GCC_C_LANGUAGE_STANDARD = gnu99;
				GCC_DYNAMIC_NO_PIC = NO;
				GCC_NO_COMMON_BLOCKS = YES;
				GCC_OPTIMIZATION_LEVEL = 0;
				GCC_PREPROCESSOR_DEFINITIONS = (
					"DEBUG=1",
					"$(inherited)",
				);
				GCC_WARN_64_TO_32_BIT_CONVERSION = YES;
				GCC_WARN_ABOUT_RETURN_TYPE = YES_ERROR;
				GCC_WARN_UNDECLARED_SELECTOR = YES;
				GCC_WARN_UNINITIALIZED_AUTOS = YES_AGGRESSIVE;
				GCC_WARN_UNUSED_FUNCTION = YES;
				GCC_WARN_UNUSED_VARIABLE = YES;
				IPHONEOS_DEPLOYMENT_TARGET = 9.3;
				MTL_ENABLE_DEBUG_INFO = YES;
				ONLY_ACTIVE_ARCH = YES;
				SDKROOT = iphoneos;
				SWIFT_OPTIMIZATION_LEVEL = "-Onone";
				TARGETED_DEVICE_FAMILY = "1,2";
			};
			name = Debug;
		};
		6803D8721CFD6DB500AE3CB3 /* Release */ = {
			isa = XCBuildConfiguration;
			buildSettings = {
				ALWAYS_SEARCH_USER_PATHS = NO;
				CLANG_ANALYZER_NONNULL = YES;
				CLANG_CXX_LANGUAGE_STANDARD = "gnu++0x";
				CLANG_CXX_LIBRARY = "libc++";
				CLANG_ENABLE_MODULES = YES;
				CLANG_ENABLE_OBJC_ARC = YES;
				CLANG_WARN_BOOL_CONVERSION = YES;
				CLANG_WARN_CONSTANT_CONVERSION = YES;
				CLANG_WARN_DIRECT_OBJC_ISA_USAGE = YES_ERROR;
				CLANG_WARN_EMPTY_BODY = YES;
				CLANG_WARN_ENUM_CONVERSION = YES;
				CLANG_WARN_INT_CONVERSION = YES;
				CLANG_WARN_OBJC_ROOT_CLASS = YES_ERROR;
				CLANG_WARN_UNREACHABLE_CODE = YES;
				CLANG_WARN__DUPLICATE_METHOD_MATCH = YES;
				"CODE_SIGN_IDENTITY[sdk=iphoneos*]" = "iPhone Developer";
				COPY_PHASE_STRIP = NO;
				DEBUG_INFORMATION_FORMAT = "dwarf-with-dsym";
				ENABLE_NS_ASSERTIONS = NO;
				ENABLE_STRICT_OBJC_MSGSEND = YES;
				GCC_C_LANGUAGE_STANDARD = gnu99;
				GCC_NO_COMMON_BLOCKS = YES;
				GCC_WARN_64_TO_32_BIT_CONVERSION = YES;
				GCC_WARN_ABOUT_RETURN_TYPE = YES_ERROR;
				GCC_WARN_UNDECLARED_SELECTOR = YES;
				GCC_WARN_UNINITIALIZED_AUTOS = YES_AGGRESSIVE;
				GCC_WARN_UNUSED_FUNCTION = YES;
				GCC_WARN_UNUSED_VARIABLE = YES;
				IPHONEOS_DEPLOYMENT_TARGET = 9.3;
				MTL_ENABLE_DEBUG_INFO = NO;
				SDKROOT = iphoneos;
				TARGETED_DEVICE_FAMILY = "1,2";
				VALIDATE_PRODUCT = YES;
			};
			name = Release;
		};
		6803D8741CFD6DB500AE3CB3 /* Debug */ = {
			isa = XCBuildConfiguration;
			baseConfigurationReference = 8738E94A54E807B817F82979 /* Pods-calendarDemo.debug.xcconfig */;
			buildSettings = {
				ASSETCATALOG_COMPILER_APPICON_NAME = AppIcon;
				INFOPLIST_FILE = calendarDemo/Info.plist;
				LD_RUNPATH_SEARCH_PATHS = "$(inherited) @executable_path/Frameworks";
				PRODUCT_BUNDLE_IDENTIFIER = com.antonijapek.calendarDemo;
				PRODUCT_NAME = "$(TARGET_NAME)";
			};
			name = Debug;
		};
		6803D8751CFD6DB500AE3CB3 /* Release */ = {
			isa = XCBuildConfiguration;
			baseConfigurationReference = B902F489DBE471786892B334 /* Pods-calendarDemo.release.xcconfig */;
			buildSettings = {
				ASSETCATALOG_COMPILER_APPICON_NAME = AppIcon;
				INFOPLIST_FILE = calendarDemo/Info.plist;
				LD_RUNPATH_SEARCH_PATHS = "$(inherited) @executable_path/Frameworks";
				PRODUCT_BUNDLE_IDENTIFIER = com.antonijapek.calendarDemo;
				PRODUCT_NAME = "$(TARGET_NAME)";
			};
			name = Release;
		};
/* End XCBuildConfiguration section */

/* Begin XCConfigurationList section */
		6803D85C1CFD6DB500AE3CB3 /* Build configuration list for PBXProject "calendarDemo" */ = {
			isa = XCConfigurationList;
			buildConfigurations = (
				6803D8711CFD6DB500AE3CB3 /* Debug */,
				6803D8721CFD6DB500AE3CB3 /* Release */,
			);
			defaultConfigurationIsVisible = 0;
			defaultConfigurationName = Release;
		};
		6803D8731CFD6DB500AE3CB3 /* Build configuration list for PBXNativeTarget "calendarDemo" */ = {
			isa = XCConfigurationList;
			buildConfigurations = (
				6803D8741CFD6DB500AE3CB3 /* Debug */,
				6803D8751CFD6DB500AE3CB3 /* Release */,
			);
			defaultConfigurationIsVisible = 0;
			defaultConfigurationName = Release;
		};
/* End XCConfigurationList section */
	};
	rootObject = 6803D8591CFD6DB500AE3CB3 /* Project object */;
}
